Microsoft Visual Studio Solution File, Format Version 11.00
# Visual Studio 2008

Project("{F459BEC6-C1A3-2369-C7E0-67A22ED54C8E}") = "HTN2", "Assembly-CSharp.csproj", "{EF0ABFE5-1158-1E53-3A06-65B4C407E5D4}"
EndProject
Project("{F459BEC6-C1A3-2369-C7E0-67A22ED54C8E}") = "HTN2", "Assembly-CSharp-Editor.csproj", "{DE2027D2-6D15-68CD-48CC-5BD1507EF42D}"
EndProject
Global
	GlobalSection(SolutionConfigurationPlatforms) = preSolution
		Debug|Any CPU = Debug|Any CPU
		Release|Any CPU = Release|Any CPU
	EndGlobalSection
	GlobalSection(ProjectConfigurationPlatforms) = postSolution
		{EF0ABFE5-1158-1E53-3A06-65B4C407E5D4}.Debug|Any CPU.ActiveCfg = Debug|Any CPU
		{EF0ABFE5-1158-1E53-3A06-65B4C407E5D4}.Debug|Any CPU.Build.0 = Debug|Any CPU
		{EF0ABFE5-1158-1E53-3A06-65B4C407E5D4}.Release|Any CPU.ActiveCfg = Release|Any CPU
		{EF0ABFE5-1158-1E53-3A06-65B4C407E5D4}.Release|Any CPU.Build.0 = Release|Any CPU
		{DE2027D2-6D15-68CD-48CC-5BD1507EF42D}.Debug|Any CPU.ActiveCfg = Debug|Any CPU
		{DE2027D2-6D15-68CD-48CC-5BD1507EF42D}.Debug|Any CPU.Build.0 = Debug|Any CPU
		{DE2027D2-6D15-68CD-48CC-5BD1507EF42D}.Release|Any CPU.ActiveCfg = Release|Any CPU
		{DE2027D2-6D15-68CD-48CC-5BD1507EF42D}.Release|Any CPU.Build.0 = Release|Any CPU
	EndGlobalSection
	GlobalSection(SolutionProperties) = preSolution
		HideSolutionNode = FALSE
	EndGlobalSection
	GlobalSection(MonoDevelopProperties) = preSolution
		StartupItem = Assembly-CSharp.csproj
	EndGlobalSection
EndGlobal
